
Microsoft Visual Studio Solution File, Format Version 12.00
# Visual Studio 15
VisualStudioVersion = 15.0.28010.2050
MinimumVisualStudioVersion = 10.0.40219.1
Project("{FAE04EC0-301F-11D3-BF4B-00C04F79EFBC}") = "GiftCard", "GiftCard\GiftCard.csproj", "{695FEAAA-07FB-42C3-9FDD-1B0A107185C3}"
EndProject
Global
	GlobalSection(SolutionConfigurationPlatforms) = preSolution
		Debug|Any CPU = Debug|Any CPU
		Release|Any CPU = Release|Any CPU
	EndGlobalSection
	GlobalSection(ProjectConfigurationPlatforms) = postSolution
		{695FEAAA-07FB-42C3-9FDD-1B0A107185C3}.Debug|Any CPU.ActiveCfg = Debug|Any CPU
		{695FEAAA-07FB-42C3-9FDD-1B0A107185C3}.Debug|Any CPU.Build.0 = Debug|Any CPU
		{695FEAAA-07FB-42C3-9FDD-1B0A107185C3}.Release|Any CPU.ActiveCfg = Release|Any CPU
		{695FEAAA-07FB-42C3-9FDD-1B0A107185C3}.Release|Any CPU.Build.0 = Release|Any CPU
	EndGlobalSection
	GlobalSection(SolutionProperties) = preSolution
		HideSolutionNode = FALSE
	EndGlobalSection
	GlobalSection(ExtensibilityGlobals) = postSolution
		SolutionGuid = {9047470F-4D91-442B-B3DA-325139FEBD29}
	EndGlobalSection
EndGlobal
